{
  "nodes": {
    "flake-compat": {
      "flake": false,
      "locked": {
        "lastModified": 1673956053,
        "narHash": "sha256-4gtG9iQuiKITOjNQQeQIpoIB6b16fm+504Ch3sNKLd8=",
        "owner": "edolstra",
        "repo": "flake-compat",
        "rev": "35bb57c0c8d8b62bbfd284272c928ceb64ddbde9",
        "type": "github"
      },
      "original": {
        "owner": "edolstra",
        "repo": "flake-compat",
        "type": "github"
      }
    },
    "flake-utils": {
      "inputs": {
        "systems": "systems"
      },
      "locked": {
        "lastModified": 1687709756,
        "narHash": "sha256-Y5wKlQSkgEK2weWdOu4J3riRd+kV/VCgHsqLNTTWQ/0=",
        "owner": "numtide",
        "repo": "flake-utils",
        "rev": "dbabf0ca0c0c4bce6ea5eaf65af5cb694d2082c7",
        "type": "github"
      },
      "original": {
        "owner": "numtide",
        "repo": "flake-utils",
        "type": "github"
      }
    },
    "golink": {
      "inputs": {
        "flake-utils": [
          "flake-utils"
        ],
        "nixpkgs": [
          "nixpkgs"
        ]
      },
      "locked": {
        "lastModified": 1687792434,
        "narHash": "sha256-JuSkrV9FYy641VpnXz/U+aZpZFX7iZSnfIAwzkACLzk=",
        "owner": "tailscale",
        "repo": "golink",
        "rev": "843e615dbfdfaa927d1794b9e4ef2f6fa6156b2e",
        "type": "github"
      },
      "original": {
        "owner": "tailscale",
        "ref": "main",
        "repo": "golink",
        "type": "github"
      }
    },
    "home-manager": {
      "inputs": {
        "nixpkgs": [
          "nixpkgs"
        ]
      },
      "locked": {
        "lastModified": 1688467264,
        "narHash": "sha256-AUQP1WtmBb36bRc41p5ieTwq6Y8pgiKurbdrsPeP3fg=",
        "owner": "nix-community",
        "repo": "home-manager",
        "rev": "b406b8d1bc90f6cd3e120d189b3e929f17ca4aea",
        "type": "github"
      },
      "original": {
        "owner": "nix-community",
        "repo": "home-manager",
        "type": "github"
      }
    },
    "nix-alien": {
      "inputs": {
        "flake-compat": [
          "flake-compat"
        ],
        "flake-utils": [
          "flake-utils"
        ],
        "nix-index-database": [
          "nix-index-database"
        ],
        "nixpkgs": [
          "nixpkgs"
        ]
      },
      "locked": {
        "lastModified": 1688461630,
        "narHash": "sha256-5xoD//pWpWE8KOnPpLlpvuruvQxVfAY3msm4AW3ehZQ=",
        "owner": "thiagokokada",
        "repo": "nix-alien",
        "rev": "1211a1cc3167c40949e5981bd62126399eee58a8",
        "type": "github"
      },
      "original": {
        "owner": "thiagokokada",
        "repo": "nix-alien",
        "type": "github"
      }
    },
    "nix-index-database": {
      "inputs": {
        "nixpkgs": [
          "nixpkgs"
        ]
      },
      "locked": {
        "lastModified": 1687097842,
        "narHash": "sha256-NPAaRZx5foWLgIPfEaiEZMr9JIlEQhLEVEXpx09341Q=",
        "owner": "nix-community",
        "repo": "nix-index-database",
        "rev": "c8210cb3fcde6860255b54ddba74dc177e6232cd",
        "type": "github"
      },
      "original": {
        "owner": "nix-community",
        "ref": "main",
        "repo": "nix-index-database",
        "type": "github"
      }
    },
    "nixos-hardware": {
      "locked": {
        "lastModified": 1686838567,
        "narHash": "sha256-aqKCUD126dRlVSKV6vWuDCitfjFrZlkwNuvj5LtjRRU=",
        "owner": "NixOS",
        "repo": "nixos-hardware",
        "rev": "429f232fe1dc398c5afea19a51aad6931ee0fb89",
        "type": "github"
      },
      "original": {
        "owner": "NixOS",
        "ref": "master",
        "repo": "nixos-hardware",
        "type": "github"
      }
    },
    "nixos-wsl": {
      "inputs": {
        "flake-compat": [
          "flake-compat"
        ],
        "flake-utils": [
          "flake-utils"
        ],
        "nixpkgs": [
          "nixpkgs"
        ]
      },
      "locked": {
        "lastModified": 1688393327,
        "narHash": "sha256-UHibyCq4nbnbsNE1SL4p87mYn0PLoGNn1ULXrpLeTRA=",
        "owner": "nix-community",
        "repo": "nixos-wsl",
        "rev": "0982e9ab209aee459ed3331ab4eadbb4d8a023e1",
        "type": "github"
      },
      "original": {
        "owner": "nix-community",
        "ref": "main",
        "repo": "nixos-wsl",
        "type": "github"
      }
    },
    "nixpkgs": {
      "locked": {
        "lastModified": 1688322751,
        "narHash": "sha256-eW62dC5f33oKZL7VWlomttbUnOTHrAbte9yNUNW8rbk=",
        "owner": "nixos",
        "repo": "nixpkgs",
        "rev": "0fbe93c5a7cac99f90b60bdf5f149383daaa615f",
        "type": "github"
      },
      "original": {
        "owner": "nixos",
        "ref": "nixos-unstable",
        "repo": "nixpkgs",
        "type": "github"
      }
    },
    "nixpkgs-stable": {
      "locked": {
        "lastModified": 1688256355,
        "narHash": "sha256-/E+OSabu4ii5+ccWff2k4vxDsXYhpc4hwnm0s6JOz7Y=",
        "owner": "NixOS",
        "repo": "nixpkgs",
        "rev": "f553c016a31277246f8d3724d3b1eee5e8c0842c",
        "type": "github"
      },
      "original": {
        "owner": "NixOS",
        "ref": "release-23.05",
        "repo": "nixpkgs",
        "type": "github"
      }
    },
    "plasma-manager": {
      "inputs": {
        "home-manager": [
          "home-manager"
        ],
        "nixpkgs": [
          "nixpkgs"
        ]
      },
      "locked": {
        "lastModified": 1664383871,
        "narHash": "sha256-dOnnzfqd/PCf1K3USKq2PqSGKmIqkr/SD7zHb1yoAyw=",
        "owner": "pjones",
        "repo": "plasma-manager",
        "rev": "16c437e43a0e049b15c9bfd37295f6e978ea9955",
        "type": "github"
      },
      "original": {
        "owner": "pjones",
        "repo": "plasma-manager",
        "type": "github"
      }
    },
    "root": {
      "inputs": {
        "flake-compat": "flake-compat",
        "flake-utils": "flake-utils",
        "golink": "golink",
        "home-manager": "home-manager",
        "nix-alien": "nix-alien",
        "nix-index-database": "nix-index-database",
        "nixos-hardware": "nixos-hardware",
        "nixos-wsl": "nixos-wsl",
        "nixpkgs": "nixpkgs",
        "plasma-manager": "plasma-manager",
        "sops-nix": "sops-nix",
        "vscode-server": "vscode-server"
      }
    },
    "sops-nix": {
      "inputs": {
        "nixpkgs": [
          "nixpkgs"
        ],
        "nixpkgs-stable": "nixpkgs-stable"
      },
      "locked": {
        "lastModified": 1688268466,
        "narHash": "sha256-fArazqgYyEFiNcqa136zVYXihuqzRHNOOeVICayU2Yg=",
        "owner": "Mic92",
        "repo": "sops-nix",
        "rev": "5ed3c22c1fa0515e037e36956a67fe7e32c92957",
        "type": "github"
      },
      "original": {
        "owner": "Mic92",
        "repo": "sops-nix",
        "type": "github"
      }
    },
    "systems": {
      "locked": {
        "lastModified": 1681028828,
        "narHash": "sha256-Vy1rq5AaRuLzOxct8nz4T6wlgyUR7zLU309k9mBC768=",
        "owner": "nix-systems",
        "repo": "default",
        "rev": "da67096a3b9bf56a91d16901293e51ba5b49a27e",
        "type": "github"
      },
      "original": {
        "owner": "nix-systems",
        "repo": "default",
        "type": "github"
      }
    },
    "vscode-server": {
      "inputs": {
        "flake-utils": [
          "flake-utils"
        ],
        "nixpkgs": [
          "nixpkgs"
        ]
      },
      "locked": {
        "lastModified": 1684517665,
        "narHash": "sha256-SaAr66uCQ8CF75jIr23FZjk1+9Kfwm5sQnwV25206Gs=",
        "owner": "nix-community",
        "repo": "nixos-vscode-server",
        "rev": "1e1358493df6529d4c7bc4cc3066f76fd16d4ae6",
        "type": "github"
      },
      "original": {
        "owner": "nix-community",
        "repo": "nixos-vscode-server",
        "type": "github"
      }
    }
  },
  "root": "root",
  "version": 7
}
